
Microsoft Visual Studio Solution File, Format Version 12.00
# Visual Studio Version 16
VisualStudioVersion = 16.0.31424.327
MinimumVisualStudioVersion = 10.0.40219.1
Project("{9A19103F-16F7-4668-BE54-9A1E7A4F7556}") = "Poly.VecEcs", "VecEcs\Poly.VecEcs.csproj", "{11D32988-0509-4FF3-806C-CF0415C07C56}"
EndProject
Project("{9A19103F-16F7-4668-BE54-9A1E7A4F7556}") = "Poly.VecEcs.Test", "VecEcs.Test\Poly.VecEcs.Test.csproj", "{C0F116DC-36A9-4B19-A5FF-F61762B9F95E}"
EndProject
Project("{9A19103F-16F7-4668-BE54-9A1E7A4F7556}") = "Poly.Collections", "..\Poly.Collections\Collections\Poly.Collections.csproj", "{1C854960-4A3D-4ED0-9F43-BB4BF9780E96}"
EndProject
Global
	GlobalSection(SolutionConfigurationPlatforms) = preSolution
		Debug|Any CPU = Debug|Any CPU
		Release|Any CPU = Release|Any CPU
	EndGlobalSection
	GlobalSection(ProjectConfigurationPlatforms) = postSolution
		{11D32988-0509-4FF3-806C-CF0415C07C56}.Debug|Any CPU.ActiveCfg = Debug|Any CPU
		{11D32988-0509-4FF3-806C-CF0415C07C56}.Debug|Any CPU.Build.0 = Debug|Any CPU
		{11D32988-0509-4FF3-806C-CF0415C07C56}.Release|Any CPU.ActiveCfg = Release|Any CPU
		{11D32988-0509-4FF3-806C-CF0415C07C56}.Release|Any CPU.Build.0 = Release|Any CPU
		{C0F116DC-36A9-4B19-A5FF-F61762B9F95E}.Debug|Any CPU.ActiveCfg = Debug|Any CPU
		{C0F116DC-36A9-4B19-A5FF-F61762B9F95E}.Debug|Any CPU.Build.0 = Debug|Any CPU
		{C0F116DC-36A9-4B19-A5FF-F61762B9F95E}.Release|Any CPU.ActiveCfg = Release|Any CPU
		{C0F116DC-36A9-4B19-A5FF-F61762B9F95E}.Release|Any CPU.Build.0 = Release|Any CPU
		{1C854960-4A3D-4ED0-9F43-BB4BF9780E96}.Debug|Any CPU.ActiveCfg = Debug|Any CPU
		{1C854960-4A3D-4ED0-9F43-BB4BF9780E96}.Debug|Any CPU.Build.0 = Debug|Any CPU
		{1C854960-4A3D-4ED0-9F43-BB4BF9780E96}.Release|Any CPU.ActiveCfg = Release|Any CPU
		{1C854960-4A3D-4ED0-9F43-BB4BF9780E96}.Release|Any CPU.Build.0 = Release|Any CPU
	EndGlobalSection
	GlobalSection(SolutionProperties) = preSolution
		HideSolutionNode = FALSE
	EndGlobalSection
	GlobalSection(ExtensibilityGlobals) = postSolution
		SolutionGuid = {3F4A3E2B-59B6-49E0-AF8C-647F6136BAE6}
	EndGlobalSection
EndGlobal
